// !$*UTF8*$!
{
	archiveVersion = 1;
	classes = {
	};
	objectVersion = 55;
	objects = {

/* Begin PBXBuildFile section */
		1A65D6872775F3A9007698B8 /* OTUS_01App.swift in Sources */ = {isa = PBXBuildFile; fileRef = 1A65D6862775F3A9007698B8 /* OTUS_01App.swift */; };
		1A65D6892775F3A9007698B8 /* ContentView.swift in Sources */ = {isa = PBXBuildFile; fileRef = 1A65D6882775F3A9007698B8 /* ContentView.swift */; };
		1A65D68B2775F3AA007698B8 /* Assets.xcassets in Resources */ = {isa = PBXBuildFile; fileRef = 1A65D68A2775F3AA007698B8 /* Assets.xcassets */; };
		1A65D68E2775F3AA007698B8 /* Preview Assets.xcassets in Resources */ = {isa = PBXBuildFile; fileRef = 1A65D68D2775F3AA007698B8 /* Preview Assets.xcassets */; };
		1A65D6952775FF9E007698B8 /* AboutScreen.swift in Sources */ = {isa = PBXBuildFile; fileRef = 1A65D6942775FF9E007698B8 /* AboutScreen.swift */; };
		1A65D69727760001007698B8 /* DashboardScreen.swift in Sources */ = {isa = PBXBuildFile; fileRef = 1A65D69627760001007698B8 /* DashboardScreen.swift */; };
		1A65D6992776008C007698B8 /* CatalogScreen.swift in Sources */ = {isa = PBXBuildFile; fileRef = 1A65D6982776008C007698B8 /* CatalogScreen.swift */; };
		1A65D69B277604ED007698B8 /* DashboardViewModel.swift in Sources */ = {isa = PBXBuildFile; fileRef = 1A65D69A277604ED007698B8 /* DashboardViewModel.swift */; };
		1A65D69D27760D6E007698B8 /* ProfileScreen.swift in Sources */ = {isa = PBXBuildFile; fileRef = 1A65D69C27760D6E007698B8 /* ProfileScreen.swift */; };
/* End PBXBuildFile section */

/* Begin PBXFileReference section */
		1A65D6832775F3A9007698B8 /* OTUS-01.app */ = {isa = PBXFileReference; explicitFileType = wrapper.application; includeInIndex = 0; path = "OTUS-01.app"; sourceTree = BUILT_PRODUCTS_DIR; };
		1A65D6862775F3A9007698B8 /* OTUS_01App.swift */ = {isa = PBXFileReference; lastKnownFileType = sourcecode.swift; path = OTUS_01App.swift; sourceTree = "<group>"; };
		1A65D6882775F3A9007698B8 /* ContentView.swift */ = {isa = PBXFileReference; lastKnownFileType = sourcecode.swift; path = ContentView.swift; sourceTree = "<group>"; };
		1A65D68A2775F3AA007698B8 /* Assets.xcassets */ = {isa = PBXFileReference; lastKnownFileType = folder.assetcatalog; path = Assets.xcassets; sourceTree = "<group>"; };
		1A65D68D2775F3AA007698B8 /* Preview Assets.xcassets */ = {isa = PBXFileReference; lastKnownFileType = folder.assetcatalog; path = "Preview Assets.xcassets"; sourceTree = "<group>"; };
		1A65D6942775FF9E007698B8 /* AboutScreen.swift */ = {isa = PBXFileReference; lastKnownFileType = sourcecode.swift; path = AboutScreen.swift; sourceTree = "<group>"; };
		1A65D69627760001007698B8 /* DashboardScreen.swift */ = {isa = PBXFileReference; lastKnownFileType = sourcecode.swift; path = DashboardScreen.swift; sourceTree = "<group>"; };
		1A65D6982776008C007698B8 /* CatalogScreen.swift */ = {isa = PBXFileReference; lastKnownFileType = sourcecode.swift; path = CatalogScreen.swift; sourceTree = "<group>"; };
		1A65D69A277604ED007698B8 /* DashboardViewModel.swift */ = {isa = PBXFileReference; lastKnownFileType = sourcecode.swift; path = DashboardViewModel.swift; sourceTree = "<group>"; };
		1A65D69C27760D6E007698B8 /* ProfileScreen.swift */ = {isa = PBXFileReference; lastKnownFileType = sourcecode.swift; path = ProfileScreen.swift; sourceTree = "<group>"; };
/* End PBXFileReference section */

/* Begin PBXFrameworksBuildPhase section */
		1A65D6802775F3A9007698B8 /* Frameworks */ = {
			isa = PBXFrameworksBuildPhase;
			buildActionMask = 2147483647;
			files = (
			);
			runOnlyForDeploymentPostprocessing = 0;
		};
/* End PBXFrameworksBuildPhase section */

/* Begin PBXGroup section */
		1A65D67A2775F3A9007698B8 = {
			isa = PBXGroup;
			children = (
				1A65D6852775F3A9007698B8 /* OTUS-01 */,
				1A65D6842775F3A9007698B8 /* Products */,
			);
			sourceTree = "<group>";
		};
		1A65D6842775F3A9007698B8 /* Products */ = {
			isa = PBXGroup;
			children = (
				1A65D6832775F3A9007698B8 /* OTUS-01.app */,
			);
			name = Products;
			sourceTree = "<group>";
		};
		1A65D6852775F3A9007698B8 /* OTUS-01 */ = {
			isa = PBXGroup;
			children = (
				1A65D6862775F3A9007698B8 /* OTUS_01App.swift */,
				1A65D6882775F3A9007698B8 /* ContentView.swift */,
				1A65D69C27760D6E007698B8 /* ProfileScreen.swift */,
				1A65D6982776008C007698B8 /* CatalogScreen.swift */,
				1A65D69627760001007698B8 /* DashboardScreen.swift */,
				1A65D6942775FF9E007698B8 /* AboutScreen.swift */,
				1A65D69A277604ED007698B8 /* DashboardViewModel.swift */,
				1A65D68A2775F3AA007698B8 /* Assets.xcassets */,
				1A65D68C2775F3AA007698B8 /* Preview Content */,
			);
			path = "OTUS-01";
			sourceTree = "<group>";
		};
		1A65D68C2775F3AA007698B8 /* Preview Content */ = {
			isa = PBXGroup;
			children = (
				1A65D68D2775F3AA007698B8 /* Preview Assets.xcassets */,
			);
			path = "Preview Content";
			sourceTree = "<group>";
		};
/* End PBXGroup section */

/* Begin PBXNativeTarget section */
		1A65D6822775F3A9007698B8 /* OTUS-01 */ = {
			isa = PBXNativeTarget;
			buildConfigurationList = 1A65D6912775F3AA007698B8 /* Build configuration list for PBXNativeTarget "OTUS-01" */;
			buildPhases = (
				1A65D67F2775F3A9007698B8 /* Sources */,
				1A65D6802775F3A9007698B8 /* Frameworks */,
				1A65D6812775F3A9007698B8 /* Resources */,
			);
			buildRules = (
			);
			dependencies = (
			);
			name = "OTUS-01";
			productName = "OTUS-01";
			productReference = 1A65D6832775F3A9007698B8 /* OTUS-01.app */;
			productType = "com.apple.product-type.application";
		};
/* End PBXNativeTarget section */

/* Begin PBXProject section */
		1A65D67B2775F3A9007698B8 /* Project object */ = {
			isa = PBXProject;
			attributes = {
				BuildIndependentTargetsInParallel = 1;
				LastSwiftUpdateCheck = 1320;
				LastUpgradeCheck = 1320;
				TargetAttributes = {
					1A65D6822775F3A9007698B8 = {
						CreatedOnToolsVersion = 13.2;
					};
				};
			};
			buildConfigurationList = 1A65D67E2775F3A9007698B8 /* Build configuration list for PBXProject "OTUS-01" */;
			compatibilityVersion = "Xcode 13.0";
			developmentRegion = en;
			hasScannedForEncodings = 0;
			knownRegions = (
				en,
				Base,
			);
			mainGroup = 1A65D67A2775F3A9007698B8;
			productRefGroup = 1A65D6842775F3A9007698B8 /* Products */;
			projectDirPath = "";
			projectRoot = "";
			targets = (
				1A65D6822775F3A9007698B8 /* OTUS-01 */,
			);
		};
/* End PBXProject section */

/* Begin PBXResourcesBuildPhase section */
		1A65D6812775F3A9007698B8 /* Resources */ = {
			isa = PBXResourcesBuildPhase;
			buildActionMask = 2147483647;
			files = (
				1A65D68E2775F3AA007698B8 /* Preview Assets.xcassets in Resources */,
				1A65D68B2775F3AA007698B8 /* Assets.xcassets in Resources */,
			);
			runOnlyForDeploymentPostprocessing = 0;
		};
/* End PBXResourcesBuildPhase section */

/* Begin PBXSourcesBuildPhase section */
		1A65D67F2775F3A9007698B8 /* Sources */ = {
			isa = PBXSourcesBuildPhase;
			buildActionMask = 2147483647;
			files = (
				1A65D69727760001007698B8 /* DashboardScreen.swift in Sources */,
				1A65D69D27760D6E007698B8 /* ProfileScreen.swift in Sources */,
				1A65D6992776008C007698B8 /* CatalogScreen.swift in Sources */,
				1A65D6892775F3A9007698B8 /* ContentView.swift in Sources */,
				1A65D69B277604ED007698B8 /* DashboardViewModel.swift in Sources */,
				1A65D6872775F3A9007698B8 /* OTUS_01App.swift in Sources */,
				1A65D6952775FF9E007698B8 /* AboutScreen.swift in Sources */,
			);
			runOnlyForDeploymentPostprocessing = 0;
		};
/* End PBXSourcesBuildPhase section */

/* Begin XCBuildConfiguration section */
		1A65D68F2775F3AA007698B8 /* Debug */ = {
			isa = XCBuildConfiguration;
			buildSettings = {
				ALWAYS_SEARCH_USER_PATHS = NO;
				CLANG_ANALYZER_NONNULL = YES;
				CLANG_ANALYZER_NUMBER_OBJECT_CONVERSION = YES_AGGRESSIVE;
				CLANG_CXX_LANGUAGE_STANDARD = "gnu++17";
				CLANG_CXX_LIBRARY = "libc++";
				CLANG_ENABLE_MODULES = YES;
				CLANG_ENABLE_OBJC_ARC = YES;
				CLANG_ENABLE_OBJC_WEAK = YES;
				CLANG_WARN_BLOCK_CAPTURE_AUTORELEASING = YES;
				CLANG_WARN_BOOL_CONVERSION = YES;
				CLANG_WARN_COMMA = YES;
				CLANG_WARN_CONSTANT_CONVERSION = YES;
				CLANG_WARN_DEPRECATED_OBJC_IMPLEMENTATIONS = YES;
				CLANG_WARN_DIRECT_OBJC_ISA_USAGE = YES_ERROR;
				CLANG_WARN_DOCUMENTATION_COMMENTS = YES;
				CLANG_WARN_EMPTY_BODY = YES;
				CLANG_WARN_ENUM_CONVERSION = YES;
				CLANG_WARN_INFINITE_RECURSION = YES;
				CLANG_WARN_INT_CONVERSION = YES;
				CLANG_WARN_NON_LITERAL_NULL_CONVERSION = YES;
				CLANG_WARN_OBJC_IMPLICIT_RETAIN_SELF = YES;
				CLANG_WARN_OBJC_LITERAL_CONVERSION = YES;
				CLANG_WARN_OBJC_ROOT_CLASS = YES_ERROR;
				CLANG_WARN_QUOTED_INCLUDE_IN_FRAMEWORK_HEADER = YES;
				CLANG_WARN_RANGE_LOOP_ANALYSIS = YES;
				CLANG_WARN_STRICT_PROTOTYPES = YES;
				CLANG_WARN_SUSPICIOUS_MOVE = YES;
				CLANG_WARN_UNGUARDED_AVAILABILITY = YES_AGGRESSIVE;
				CLANG_WARN_UNREACHABLE_CODE = YES;
				CLANG_WARN__DUPLICATE_METHOD_MATCH = YES;
				COPY_PHASE_STRIP = NO;
				DEBUG_INFORMATION_FORMAT = dwarf;
				ENABLE_STRICT_OBJC_MSGSEND = YES;
				ENABLE_TESTABILITY = YES;
				GCC_C_LANGUAGE_STANDARD = gnu11;
				GCC_DYNAMIC_NO_PIC = NO;
				GCC_NO_COMMON_BLOCKS = YES;
				GCC_OPTIMIZATION_LEVEL = 0;
				GCC_PREPROCESSOR_DEFINITIONS = (
					"DEBUG=1",
					"$(inherited)",
				);
				GCC_WARN_64_TO_32_BIT_CONVERSION = YES;
				GCC_WARN_ABOUT_RETURN_TYPE = YES_ERROR;
				GCC_WARN_UNDECLARED_SELECTOR = YES;
				GCC_WARN_UNINITIALIZED_AUTOS = YES_AGGRESSIVE;
				GCC_WARN_UNUSED_FUNCTION = YES;
				GCC_WARN_UNUSED_VARIABLE = YES;
				IPHONEOS_DEPLOYMENT_TARGET = 15.0;
				MTL_ENABLE_DEBUG_INFO = INCLUDE_SOURCE;
				MTL_FAST_MATH = YES;
				ONLY_ACTIVE_ARCH = YES;
				SDKROOT = iphoneos;
				SWIFT_ACTIVE_COMPILATION_CONDITIONS = DEBUG;
				SWIFT_OPTIMIZATION_LEVEL = "-Onone";
			};
			name = Debug;
		};
		1A65D6902775F3AA007698B8 /* Release */ = {
			isa = XCBuildConfiguration;
			buildSettings = {
				ALWAYS_SEARCH_USER_PATHS = NO;
				CLANG_ANALYZER_NONNULL = YES;
				CLANG_ANALYZER_NUMBER_OBJECT_CONVERSION = YES_AGGRESSIVE;
				CLANG_CXX_LANGUAGE_STANDARD = "gnu++17";
				CLANG_CXX_LIBRARY = "libc++";
				CLANG_ENABLE_MODULES = YES;
				CLANG_ENABLE_OBJC_ARC = YES;
				CLANG_ENABLE_OBJC_WEAK = YES;
				CLANG_WARN_BLOCK_CAPTURE_AUTORELEASING = YES;
				CLANG_WARN_BOOL_CONVERSION = YES;
				CLANG_WARN_COMMA = YES;
				CLANG_WARN_CONSTANT_CONVERSION = YES;
				CLANG_WARN_DEPRECATED_OBJC_IMPLEMENTATIONS = YES;
				CLANG_WARN_DIRECT_OBJC_ISA_USAGE = YES_ERROR;
				CLANG_WARN_DOCUMENTATION_COMMENTS = YES;
				CLANG_WARN_EMPTY_BODY = YES;
				CLANG_WARN_ENUM_CONVERSION = YES;
				CLANG_WARN_INFINITE_RECURSION = YES;
				CLANG_WARN_INT_CONVERSION = YES;
				CLANG_WARN_NON_LITERAL_NULL_CONVERSION = YES;
				CLANG_WARN_OBJC_IMPLICIT_RETAIN_SELF = YES;
				CLANG_WARN_OBJC_LITERAL_CONVERSION = YES;
				CLANG_WARN_OBJC_ROOT_CLASS = YES_ERROR;
				CLANG_WARN_QUOTED_INCLUDE_IN_FRAMEWORK_HEADER = YES;
				CLANG_WARN_RANGE_LOOP_ANALYSIS = YES;
				CLANG_WARN_STRICT_PROTOTYPES = YES;
				CLANG_WARN_SUSPICIOUS_MOVE = YES;
				CLANG_WARN_UNGUARDED_AVAILABILITY = YES_AGGRESSIVE;
				CLANG_WARN_UNREACHABLE_CODE = YES;
				CLANG_WARN__DUPLICATE_METHOD_MATCH = YES;
				COPY_PHASE_STRIP = NO;
				DEBUG_INFORMATION_FORMAT = "dwarf-with-dsym";
				ENABLE_NS_ASSERTIONS = NO;
				ENABLE_STRICT_OBJC_MSGSEND = YES;
				GCC_C_LANGUAGE_STANDARD = gnu11;
				GCC_NO_COMMON_BLOCKS = YES;
				GCC_WARN_64_TO_32_BIT_CONVERSION = YES;
				GCC_WARN_ABOUT_RETURN_TYPE = YES_ERROR;
				GCC_WARN_UNDECLARED_SELECTOR = YES;
				GCC_WARN_UNINITIALIZED_AUTOS = YES_AGGRESSIVE;
				GCC_WARN_UNUSED_FUNCTION = YES;
				GCC_WARN_UNUSED_VARIABLE = YES;
				IPHONEOS_DEPLOYMENT_TARGET = 15.0;
				MTL_ENABLE_DEBUG_INFO = NO;
				MTL_FAST_MATH = YES;
				SDKROOT = iphoneos;
				SWIFT_COMPILATION_MODE = wholemodule;
				SWIFT_OPTIMIZATION_LEVEL = "-O";
				VALIDATE_PRODUCT = YES;
			};
			name = Release;
		};
		1A65D6922775F3AA007698B8 /* Debug */ = {
			isa = XCBuildConfiguration;
			buildSettings = {
				ASSETCATALOG_COMPILER_APPICON_NAME = AppIcon;
				ASSETCATALOG_COMPILER_GLOBAL_ACCENT_COLOR_NAME = AccentColor;
				CODE_SIGN_STYLE = Automatic;
				CURRENT_PROJECT_VERSION = 1;
				DEVELOPMENT_ASSET_PATHS = "\"OTUS-01/Preview Content\"";
				DEVELOPMENT_TEAM = CQPZ5C4VAN;
				ENABLE_PREVIEWS = YES;
				GENERATE_INFOPLIST_FILE = YES;
				INFOPLIST_KEY_UIApplicationSceneManifest_Generation = YES;
				INFOPLIST_KEY_UIApplicationSupportsIndirectInputEvents = YES;
				INFOPLIST_KEY_UILaunchScreen_Generation = YES;
				INFOPLIST_KEY_UISupportedInterfaceOrientations_iPad = "UIInterfaceOrientationPortrait UIInterfaceOrientationPortraitUpsideDown UIInterfaceOrientationLandscapeLeft UIInterfaceOrientationLandscapeRight";
				INFOPLIST_KEY_UISupportedInterfaceOrientations_iPhone = "UIInterfaceOrientationPortrait UIInterfaceOrientationLandscapeLeft UIInterfaceOrientationLandscapeRight";
				LD_RUNPATH_SEARCH_PATHS = (
					"$(inherited)",
					"@executable_path/Frameworks",
				);
				MARKETING_VERSION = 1.0;
				PRODUCT_BUNDLE_IDENTIFIER = "oleg.sitnikov.OTUS-01";
				PRODUCT_NAME = "$(TARGET_NAME)";
				SWIFT_EMIT_LOC_STRINGS = YES;
				SWIFT_VERSION = 5.0;
				TARGETED_DEVICE_FAMILY = "1,2";
			};
			name = Debug;
		};
		1A65D6932775F3AA007698B8 /* Release */ = {
			isa = XCBuildConfiguration;
			buildSettings = {
				ASSETCATALOG_COMPILER_APPICON_NAME = AppIcon;
				ASSETCATALOG_COMPILER_GLOBAL_ACCENT_COLOR_NAME = AccentColor;
				CODE_SIGN_STYLE = Automatic;
				CURRENT_PROJECT_VERSION = 1;
				DEVELOPMENT_ASSET_PATHS = "\"OTUS-01/Preview Content\"";
				DEVELOPMENT_TEAM = CQPZ5C4VAN;
				ENABLE_PREVIEWS = YES;
				GENERATE_INFOPLIST_FILE = YES;
				INFOPLIST_KEY_UIApplicationSceneManifest_Generation = YES;
				INFOPLIST_KEY_UIApplicationSupportsIndirectInputEvents = YES;
				INFOPLIST_KEY_UILaunchScreen_Generation = YES;
				INFOPLIST_KEY_UISupportedInterfaceOrientations_iPad = "UIInterfaceOrientationPortrait UIInterfaceOrientationPortraitUpsideDown UIInterfaceOrientationLandscapeLeft UIInterfaceOrientationLandscapeRight";
				INFOPLIST_KEY_UISupportedInterfaceOrientations_iPhone = "UIInterfaceOrientationPortrait UIInterfaceOrientationLandscapeLeft UIInterfaceOrientationLandscapeRight";
				LD_RUNPATH_SEARCH_PATHS = (
					"$(inherited)",
					"@executable_path/Frameworks",
				);
				MARKETING_VERSION = 1.0;
				PRODUCT_BUNDLE_IDENTIFIER = "oleg.sitnikov.OTUS-01";
				PRODUCT_NAME = "$(TARGET_NAME)";
				SWIFT_EMIT_LOC_STRINGS = YES;
				SWIFT_VERSION = 5.0;
				TARGETED_DEVICE_FAMILY = "1,2";
			};
			name = Release;
		};
/* End XCBuildConfiguration section */

/* Begin XCConfigurationList section */
		1A65D67E2775F3A9007698B8 /* Build configuration list for PBXProject "OTUS-01" */ = {
			isa = XCConfigurationList;
			buildConfigurations = (
				1A65D68F2775F3AA007698B8 /* Debug */,
				1A65D6902775F3AA007698B8 /* Release */,
			);
			defaultConfigurationIsVisible = 0;
			defaultConfigurationName = Release;
		};
		1A65D6912775F3AA007698B8 /* Build configuration list for PBXNativeTarget "OTUS-01" */ = {
			isa = XCConfigurationList;
			buildConfigurations = (
				1A65D6922775F3AA007698B8 /* Debug */,
				1A65D6932775F3AA007698B8 /* Release */,
			);
			defaultConfigurationIsVisible = 0;
			defaultConfigurationName = Release;
		};
/* End XCConfigurationList section */
	};
	rootObject = 1A65D67B2775F3A9007698B8 /* Project object */;
}
